// !$*UTF8*$!
{
	archiveVersion = 1;
	classes = {
	};
	objectVersion = 46;
	objects = {

/* Begin PBXBuildFile section */
		8930B55B1E72428600466414 /* main.m in Sources */ = {isa = PBXBuildFile; fileRef = 8930B55A1E72428600466414 /* main.m */; };
		8930B55E1E72428600466414 /* AppDelegate.m in Sources */ = {isa = PBXBuildFile; fileRef = 8930B55D1E72428600466414 /* AppDelegate.m */; };
		8930B5611E72428600466414 /* ViewController.m in Sources */ = {isa = PBXBuildFile; fileRef = 8930B5601E72428600466414 /* ViewController.m */; };
		8930B5641E72428600466414 /* Main.storyboard in Resources */ = {isa = PBXBuildFile; fileRef = 8930B5621E72428600466414 /* Main.storyboard */; };
		8930B5661E72428600466414 /* Assets.xcassets in Resources */ = {isa = PBXBuildFile; fileRef = 8930B5651E72428600466414 /* Assets.xcassets */; };
		8930B5691E72428600466414 /* LaunchScreen.storyboard in Resources */ = {isa = PBXBuildFile; fileRef = 8930B5671E72428600466414 /* LaunchScreen.storyboard */; };
		8930B5731E72430100466414 /* SWNetworkHelper.m in Sources */ = {isa = PBXBuildFile; fileRef = 8930B5721E72430100466414 /* SWNetworkHelper.m */; };
		8930B5761E72433F00466414 /* SWNetworkCache.m in Sources */ = {isa = PBXBuildFile; fileRef = 8930B5751E72433F00466414 /* SWNetworkCache.m */; };
		8930B5BD1E72447E00466414 /* libsqlite3.0.tbd in Frameworks */ = {isa = PBXBuildFile; fileRef = 8930B5BC1E72447E00466414 /* libsqlite3.0.tbd */; };
		D0D0CEF277397CC5AA60DD69 /* libPods-SWNetworkHelper.a in Frameworks */ = {isa = PBXBuildFile; fileRef = A22D4808358906631A7DBCDB /* libPods-SWNetworkHelper.a */; };
/* End PBXBuildFile section */

/* Begin PBXFileReference section */
		32AEE69414FC904A155C1E40 /* Pods-SWNetworkHelper.debug.xcconfig */ = {isa = PBXFileReference; includeInIndex = 1; lastKnownFileType = text.xcconfig; name = "Pods-SWNetworkHelper.debug.xcconfig"; path = "Pods/Target Support Files/Pods-SWNetworkHelper/Pods-SWNetworkHelper.debug.xcconfig"; sourceTree = "<group>"; };
		88385D1ED0890B0334C25F9F /* Pods-SWNetworkHelper.release.xcconfig */ = {isa = PBXFileReference; includeInIndex = 1; lastKnownFileType = text.xcconfig; name = "Pods-SWNetworkHelper.release.xcconfig"; path = "Pods/Target Support Files/Pods-SWNetworkHelper/Pods-SWNetworkHelper.release.xcconfig"; sourceTree = "<group>"; };
		8930B5561E72428600466414 /* SWNetworkHelper.app */ = {isa = PBXFileReference; explicitFileType = wrapper.application; includeInIndex = 0; path = SWNetworkHelper.app; sourceTree = BUILT_PRODUCTS_DIR; };
		8930B55A1E72428600466414 /* main.m */ = {isa = PBXFileReference; lastKnownFileType = sourcecode.c.objc; path = main.m; sourceTree = "<group>"; };
		8930B55C1E72428600466414 /* AppDelegate.h */ = {isa = PBXFileReference; lastKnownFileType = sourcecode.c.h; path = AppDelegate.h; sourceTree = "<group>"; };
		8930B55D1E72428600466414 /* AppDelegate.m */ = {isa = PBXFileReference; lastKnownFileType = sourcecode.c.objc; path = AppDelegate.m; sourceTree = "<group>"; };
		8930B55F1E72428600466414 /* ViewController.h */ = {isa = PBXFileReference; lastKnownFileType = sourcecode.c.h; path = ViewController.h; sourceTree = "<group>"; };
		8930B5601E72428600466414 /* ViewController.m */ = {isa = PBXFileReference; lastKnownFileType = sourcecode.c.objc; path = ViewController.m; sourceTree = "<group>"; };
		8930B5631E72428600466414 /* Base */ = {isa = PBXFileReference; lastKnownFileType = file.storyboard; name = Base; path = Base.lproj/Main.storyboard; sourceTree = "<group>"; };
		8930B5651E72428600466414 /* Assets.xcassets */ = {isa = PBXFileReference; lastKnownFileType = folder.assetcatalog; path = Assets.xcassets; sourceTree = "<group>"; };
		8930B5681E72428600466414 /* Base */ = {isa = PBXFileReference; lastKnownFileType = file.storyboard; name = Base; path = Base.lproj/LaunchScreen.storyboard; sourceTree = "<group>"; };
		8930B56A1E72428600466414 /* Info.plist */ = {isa = PBXFileReference; lastKnownFileType = text.plist.xml; path = Info.plist; sourceTree = "<group>"; };
		8930B5711E72430100466414 /* SWNetworkHelper.h */ = {isa = PBXFileReference; fileEncoding = 4; lastKnownFileType = sourcecode.c.h; path = SWNetworkHelper.h; sourceTree = "<group>"; };
		8930B5721E72430100466414 /* SWNetworkHelper.m */ = {isa = PBXFileReference; fileEncoding = 4; lastKnownFileType = sourcecode.c.objc; path = SWNetworkHelper.m; sourceTree = "<group>"; };
		8930B5741E72433F00466414 /* SWNetworkCache.h */ = {isa = PBXFileReference; fileEncoding = 4; lastKnownFileType = sourcecode.c.h; path = SWNetworkCache.h; sourceTree = "<group>"; };
		8930B5751E72433F00466414 /* SWNetworkCache.m */ = {isa = PBXFileReference; fileEncoding = 4; lastKnownFileType = sourcecode.c.objc; path = SWNetworkCache.m; sourceTree = "<group>"; };
		8930B5BC1E72447E00466414 /* libsqlite3.0.tbd */ = {isa = PBXFileReference; lastKnownFileType = "sourcecode.text-based-dylib-definition"; name = libsqlite3.0.tbd; path = usr/lib/libsqlite3.0.tbd; sourceTree = SDKROOT; };
		A22D4808358906631A7DBCDB /* libPods-SWNetworkHelper.a */ = {isa = PBXFileReference; explicitFileType = archive.ar; includeInIndex = 0; path = "libPods-SWNetworkHelper.a"; sourceTree = BUILT_PRODUCTS_DIR; };
/* End PBXFileReference section */

/* Begin PBXFrameworksBuildPhase section */
		8930B5531E72428600466414 /* Frameworks */ = {
			isa = PBXFrameworksBuildPhase;
			buildActionMask = 2147483647;
			files = (
				8930B5BD1E72447E00466414 /* libsqlite3.0.tbd in Frameworks */,
				D0D0CEF277397CC5AA60DD69 /* libPods-SWNetworkHelper.a in Frameworks */,
			);
			runOnlyForDeploymentPostprocessing = 0;
		};
/* End PBXFrameworksBuildPhase section */

/* Begin PBXGroup section */
		8930B54D1E72428600466414 = {
			isa = PBXGroup;
			children = (
				8930B5581E72428600466414 /* SWNetworkHelper */,
				8930B5571E72428600466414 /* Products */,
				8930B5BB1E72447E00466414 /* Frameworks */,
				AE5AB2A97FD21F42DB521895 /* Pods */,
			);
			sourceTree = "<group>";
		};
		8930B5571E72428600466414 /* Products */ = {
			isa = PBXGroup;
			children = (
				8930B5561E72428600466414 /* SWNetworkHelper.app */,
			);
			name = Products;
			sourceTree = "<group>";
		};
		8930B5581E72428600466414 /* SWNetworkHelper */ = {
			isa = PBXGroup;
			children = (
				8930B5701E7242DD00466414 /* NetworkingHelper */,
				8930B55C1E72428600466414 /* AppDelegate.h */,
				8930B55D1E72428600466414 /* AppDelegate.m */,
				8930B55F1E72428600466414 /* ViewController.h */,
				8930B5601E72428600466414 /* ViewController.m */,
				8930B5621E72428600466414 /* Main.storyboard */,
				8930B5651E72428600466414 /* Assets.xcassets */,
				8930B5671E72428600466414 /* LaunchScreen.storyboard */,
				8930B56A1E72428600466414 /* Info.plist */,
				8930B5591E72428600466414 /* Supporting Files */,
			);
			path = SWNetworkHelper;
			sourceTree = "<group>";
		};
		8930B5591E72428600466414 /* Supporting Files */ = {
			isa = PBXGroup;
			children = (
				8930B55A1E72428600466414 /* main.m */,
			);
			name = "Supporting Files";
			sourceTree = "<group>";
		};
		8930B5701E7242DD00466414 /* NetworkingHelper */ = {
			isa = PBXGroup;
			children = (
				8930B5711E72430100466414 /* SWNetworkHelper.h */,
				8930B5721E72430100466414 /* SWNetworkHelper.m */,
				8930B5741E72433F00466414 /* SWNetworkCache.h */,
				8930B5751E72433F00466414 /* SWNetworkCache.m */,
			);
			path = NetworkingHelper;
			sourceTree = "<group>";
		};
		8930B5BB1E72447E00466414 /* Frameworks */ = {
			isa = PBXGroup;
			children = (
				8930B5BC1E72447E00466414 /* libsqlite3.0.tbd */,
				A22D4808358906631A7DBCDB /* libPods-SWNetworkHelper.a */,
			);
			name = Frameworks;
			sourceTree = "<group>";
		};
		AE5AB2A97FD21F42DB521895 /* Pods */ = {
			isa = PBXGroup;
			children = (
				32AEE69414FC904A155C1E40 /* Pods-SWNetworkHelper.debug.xcconfig */,
				88385D1ED0890B0334C25F9F /* Pods-SWNetworkHelper.release.xcconfig */,
			);
			name = Pods;
			sourceTree = "<group>";
		};
/* End PBXGroup section */

/* Begin PBXNativeTarget section */
		8930B5551E72428600466414 /* SWNetworkHelper */ = {
			isa = PBXNativeTarget;
			buildConfigurationList = 8930B56D1E72428600466414 /* Build configuration list for PBXNativeTarget "SWNetworkHelper" */;
			buildPhases = (
				67982E985618E5C299285ED1 /* [CP] Check Pods Manifest.lock */,
				8930B5521E72428600466414 /* Sources */,
				8930B5531E72428600466414 /* Frameworks */,
				8930B5541E72428600466414 /* Resources */,
				85204F9B3B89901408D673CF /* [CP] Embed Pods Frameworks */,
				2B61B4B13069CF3A7F9D2DFA /* [CP] Copy Pods Resources */,
			);
			buildRules = (
			);
			dependencies = (
			);
			name = SWNetworkHelper;
			productName = SWNetworkHelper;
			productReference = 8930B5561E72428600466414 /* SWNetworkHelper.app */;
			productType = "com.apple.product-type.application";
		};
/* End PBXNativeTarget section */

/* Begin PBXProject section */
		8930B54E1E72428600466414 /* Project object */ = {
			isa = PBXProject;
			attributes = {
				CLASSPREFIX = SW;
				LastUpgradeCheck = 0820;
				ORGANIZATIONNAME = shiwei;
				TargetAttributes = {
					8930B5551E72428600466414 = {
						CreatedOnToolsVersion = 8.2.1;
						DevelopmentTeam = G5CL67WCNT;
						ProvisioningStyle = Automatic;
					};
				};
			};
			buildConfigurationList = 8930B5511E72428600466414 /* Build configuration list for PBXProject "SWNetworkHelper" */;
			compatibilityVersion = "Xcode 3.2";
			developmentRegion = English;
			hasScannedForEncodings = 0;
			knownRegions = (
				en,
				Base,
			);
			mainGroup = 8930B54D1E72428600466414;
			productRefGroup = 8930B5571E72428600466414 /* Products */;
			projectDirPath = "";
			projectRoot = "";
			targets = (
				8930B5551E72428600466414 /* SWNetworkHelper */,
			);
		};
/* End PBXProject section */

/* Begin PBXResourcesBuildPhase section */
		8930B5541E72428600466414 /* Resources */ = {
			isa = PBXResourcesBuildPhase;
			buildActionMask = 2147483647;
			files = (
				8930B5691E72428600466414 /* LaunchScreen.storyboard in Resources */,
				8930B5661E72428600466414 /* Assets.xcassets in Resources */,
				8930B5641E72428600466414 /* Main.storyboard in Resources */,
			);
			runOnlyForDeploymentPostprocessing = 0;
		};
/* End PBXResourcesBuildPhase section */

/* Begin PBXShellScriptBuildPhase section */
		2B61B4B13069CF3A7F9D2DFA /* [CP] Copy Pods Resources */ = {
			isa = PBXShellScriptBuildPhase;
			buildActionMask = 2147483647;
			files = (
			);
			inputPaths = (
			);
			name = "[CP] Copy Pods Resources";
			outputPaths = (
			);
			runOnlyForDeploymentPostprocessing = 0;
			shellPath = /bin/sh;
			shellScript = "\"${SRCROOT}/Pods/Target Support Files/Pods-SWNetworkHelper/Pods-SWNetworkHelper-resources.sh\"\n";
			showEnvVarsInLog = 0;
		};
		67982E985618E5C299285ED1 /* [CP] Check Pods Manifest.lock */ = {
			isa = PBXShellScriptBuildPhase;
			buildActionMask = 2147483647;
			files = (
			);
			inputPaths = (
			);
			name = "[CP] Check Pods Manifest.lock";
			outputPaths = (
			);
			runOnlyForDeploymentPostprocessing = 0;
			shellPath = /bin/sh;
			shellScript = "diff \"${PODS_ROOT}/../Podfile.lock\" \"${PODS_ROOT}/Manifest.lock\" > /dev/null\nif [ $? != 0 ] ; then\n    # print error to STDERR\n    echo \"error: The sandbox is not in sync with the Podfile.lock. Run 'pod install' or update your CocoaPods installation.\" >&2\n    exit 1\nfi\n";
			showEnvVarsInLog = 0;
		};
		85204F9B3B89901408D673CF /* [CP] Embed Pods Frameworks */ = {
			isa = PBXShellScriptBuildPhase;
			buildActionMask = 2147483647;
			files = (
			);
			inputPaths = (
			);
			name = "[CP] Embed Pods Frameworks";
			outputPaths = (
			);
			runOnlyForDeploymentPostprocessing = 0;
			shellPath = /bin/sh;
			shellScript = "\"${SRCROOT}/Pods/Target Support Files/Pods-SWNetworkHelper/Pods-SWNetworkHelper-frameworks.sh\"\n";
			showEnvVarsInLog = 0;
		};
/* End PBXShellScriptBuildPhase section */

/* Begin PBXSourcesBuildPhase section */
		8930B5521E72428600466414 /* Sources */ = {
			isa = PBXSourcesBuildPhase;
			buildActionMask = 2147483647;
			files = (
				8930B5761E72433F00466414 /* SWNetworkCache.m in Sources */,
				8930B5731E72430100466414 /* SWNetworkHelper.m in Sources */,
				8930B5611E72428600466414 /* ViewController.m in Sources */,
				8930B55E1E72428600466414 /* AppDelegate.m in Sources */,
				8930B55B1E72428600466414 /* main.m in Sources */,
			);
			runOnlyForDeploymentPostprocessing = 0;
		};
/* End PBXSourcesBuildPhase section */

/* Begin PBXVariantGroup section */
		8930B5621E72428600466414 /* Main.storyboard */ = {
			isa = PBXVariantGroup;
			children = (
				8930B5631E72428600466414 /* Base */,
			);
			name = Main.storyboard;
			sourceTree = "<group>";
		};
		8930B5671E72428600466414 /* LaunchScreen.storyboard */ = {
			isa = PBXVariantGroup;
			children = (
				8930B5681E72428600466414 /* Base */,
			);
			name = LaunchScreen.storyboard;
			sourceTree = "<group>";
		};
/* End PBXVariantGroup section */

/* Begin XCBuildConfiguration section */
		8930B56B1E72428600466414 /* Debug */ = {
			isa = XCBuildConfiguration;
			buildSettings = {
				ALWAYS_SEARCH_USER_PATHS = NO;
				CLANG_ANALYZER_NONNULL = YES;
				CLANG_CXX_LANGUAGE_STANDARD = "gnu++0x";
				CLANG_CXX_LIBRARY = "libc++";
				CLANG_ENABLE_MODULES = YES;
				CLANG_ENABLE_OBJC_ARC = YES;
				CLANG_WARN_BOOL_CONVERSION = YES;
				CLANG_WARN_CONSTANT_CONVERSION = YES;
				CLANG_WARN_DIRECT_OBJC_ISA_USAGE = YES_ERROR;
				CLANG_WARN_DOCUMENTATION_COMMENTS = YES;
				CLANG_WARN_EMPTY_BODY = YES;
				CLANG_WARN_ENUM_CONVERSION = YES;
				CLANG_WARN_INFINITE_RECURSION = YES;
				CLANG_WARN_INT_CONVERSION = YES;
				CLANG_WARN_OBJC_ROOT_CLASS = YES_ERROR;
				CLANG_WARN_SUSPICIOUS_MOVE = YES;
				CLANG_WARN_UNREACHABLE_CODE = YES;
				CLANG_WARN__DUPLICATE_METHOD_MATCH = YES;
				"CODE_SIGN_IDENTITY[sdk=iphoneos*]" = "iPhone Developer";
				COPY_PHASE_STRIP = NO;
				DEBUG_INFORMATION_FORMAT = dwarf;
				ENABLE_STRICT_OBJC_MSGSEND = YES;
				ENABLE_TESTABILITY = YES;
				GCC_C_LANGUAGE_STANDARD = gnu99;
				GCC_DYNAMIC_NO_PIC = NO;
				GCC_NO_COMMON_BLOCKS = YES;
				GCC_OPTIMIZATION_LEVEL = 0;
				GCC_PREPROCESSOR_DEFINITIONS = (
					"DEBUG=1",
					"$(inherited)",
				);
				GCC_WARN_64_TO_32_BIT_CONVERSION = YES;
				GCC_WARN_ABOUT_RETURN_TYPE = YES_ERROR;
				GCC_WARN_UNDECLARED_SELECTOR = YES;
				GCC_WARN_UNINITIALIZED_AUTOS = YES_AGGRESSIVE;
				GCC_WARN_UNUSED_FUNCTION = YES;
				GCC_WARN_UNUSED_VARIABLE = YES;
				IPHONEOS_DEPLOYMENT_TARGET = 10.2;
				MTL_ENABLE_DEBUG_INFO = YES;
				ONLY_ACTIVE_ARCH = YES;
				SDKROOT = iphoneos;
			};
			name = Debug;
		};
		8930B56C1E72428600466414 /* Release */ = {
			isa = XCBuildConfiguration;
			buildSettings = {
				ALWAYS_SEARCH_USER_PATHS = NO;
				CLANG_ANALYZER_NONNULL = YES;
				CLANG_CXX_LANGUAGE_STANDARD = "gnu++0x";
				CLANG_CXX_LIBRARY = "libc++";
				CLANG_ENABLE_MODULES = YES;
				CLANG_ENABLE_OBJC_ARC = YES;
				CLANG_WARN_BOOL_CONVERSION = YES;
				CLANG_WARN_CONSTANT_CONVERSION = YES;
				CLANG_WARN_DIRECT_OBJC_ISA_USAGE = YES_ERROR;
				CLANG_WARN_DOCUMENTATION_COMMENTS = YES;
				CLANG_WARN_EMPTY_BODY = YES;
				CLANG_WARN_ENUM_CONVERSION = YES;
				CLANG_WARN_INFINITE_RECURSION = YES;
				CLANG_WARN_INT_CONVERSION = YES;
				CLANG_WARN_OBJC_ROOT_CLASS = YES_ERROR;
				CLANG_WARN_SUSPICIOUS_MOVE = YES;
				CLANG_WARN_UNREACHABLE_CODE = YES;
				CLANG_WARN__DUPLICATE_METHOD_MATCH = YES;
				"CODE_SIGN_IDENTITY[sdk=iphoneos*]" = "iPhone Developer";
				COPY_PHASE_STRIP = NO;
				DEBUG_INFORMATION_FORMAT = "dwarf-with-dsym";
				ENABLE_NS_ASSERTIONS = NO;
				ENABLE_STRICT_OBJC_MSGSEND = YES;
				GCC_C_LANGUAGE_STANDARD = gnu99;
				GCC_NO_COMMON_BLOCKS = YES;
				GCC_WARN_64_TO_32_BIT_CONVERSION = YES;
				GCC_WARN_ABOUT_RETURN_TYPE = YES_ERROR;
				GCC_WARN_UNDECLARED_SELECTOR = YES;
				GCC_WARN_UNINITIALIZED_AUTOS = YES_AGGRESSIVE;
				GCC_WARN_UNUSED_FUNCTION = YES;
				GCC_WARN_UNUSED_VARIABLE = YES;
				IPHONEOS_DEPLOYMENT_TARGET = 10.2;
				MTL_ENABLE_DEBUG_INFO = NO;
				SDKROOT = iphoneos;
				VALIDATE_PRODUCT = YES;
			};
			name = Release;
		};
		8930B56E1E72428600466414 /* Debug */ = {
			isa = XCBuildConfiguration;
			baseConfigurationReference = 32AEE69414FC904A155C1E40 /* Pods-SWNetworkHelper.debug.xcconfig */;
			buildSettings = {
				ASSETCATALOG_COMPILER_APPICON_NAME = AppIcon;
				DEVELOPMENT_TEAM = G5CL67WCNT;
				INFOPLIST_FILE = SWNetworkHelper/Info.plist;
				LD_RUNPATH_SEARCH_PATHS = "$(inherited) @executable_path/Frameworks";
				PRODUCT_BUNDLE_IDENTIFIER = com.yezijie.www.SWNetworkHelper;
				PRODUCT_NAME = "$(TARGET_NAME)";
			};
			name = Debug;
		};
		8930B56F1E72428600466414 /* Release */ = {
			isa = XCBuildConfiguration;
			baseConfigurationReference = 88385D1ED0890B0334C25F9F /* Pods-SWNetworkHelper.release.xcconfig */;
			buildSettings = {
				ASSETCATALOG_COMPILER_APPICON_NAME = AppIcon;
				DEVELOPMENT_TEAM = G5CL67WCNT;
				INFOPLIST_FILE = SWNetworkHelper/Info.plist;
				LD_RUNPATH_SEARCH_PATHS = "$(inherited) @executable_path/Frameworks";
				PRODUCT_BUNDLE_IDENTIFIER = com.yezijie.www.SWNetworkHelper;
				PRODUCT_NAME = "$(TARGET_NAME)";
			};
			name = Release;
		};
/* End XCBuildConfiguration section */

/* Begin XCConfigurationList section */
		8930B5511E72428600466414 /* Build configuration list for PBXProject "SWNetworkHelper" */ = {
			isa = XCConfigurationList;
			buildConfigurations = (
				8930B56B1E72428600466414 /* Debug */,
				8930B56C1E72428600466414 /* Release */,
			);
			defaultConfigurationIsVisible = 0;
			defaultConfigurationName = Release;
		};
		8930B56D1E72428600466414 /* Build configuration list for PBXNativeTarget "SWNetworkHelper" */ = {
			isa = XCConfigurationList;
			buildConfigurations = (
				8930B56E1E72428600466414 /* Debug */,
				8930B56F1E72428600466414 /* Release */,
			);
			defaultConfigurationIsVisible = 0;
			defaultConfigurationName = Release;
		};
/* End XCConfigurationList section */
	};
	rootObject = 8930B54E1E72428600466414 /* Project object */;
}
